// !$*UTF8*$!
{
	archiveVersion = 1;
	classes = {
	};
	objectVersion = 46;
	objects = {

/* Begin PBXBuildFile section */
		52CCC65619AE90FD00464A46 /* main.m in Sources */ = {isa = PBXBuildFile; fileRef = 52CCC65519AE90FD00464A46 /* main.m */; };
		52CCC65919AE90FD00464A46 /* AppDelegate.m in Sources */ = {isa = PBXBuildFile; fileRef = 52CCC65819AE90FD00464A46 /* AppDelegate.m */; };
		52CCC65C19AE90FD00464A46 /* Impulse_Shopper.xcdatamodeld in Sources */ = {isa = PBXBuildFile; fileRef = 52CCC65A19AE90FD00464A46 /* Impulse_Shopper.xcdatamodeld */; };
		52CCC66419AE90FD00464A46 /* Images.xcassets in Resources */ = {isa = PBXBuildFile; fileRef = 52CCC66319AE90FD00464A46 /* Images.xcassets */; };
		52CCC67019AE90FD00464A46 /* Impulse_ShopperTests.m in Sources */ = {isa = PBXBuildFile; fileRef = 52CCC66F19AE90FD00464A46 /* Impulse_ShopperTests.m */; };
		52CCC68319AE920700464A46 /* JASidePanelController.m in Sources */ = {isa = PBXBuildFile; fileRef = 52CCC67A19AE920700464A46 /* JASidePanelController.m */; };
		52CCC68419AE920700464A46 /* UIViewController+JASidePanel.m in Sources */ = {isa = PBXBuildFile; fileRef = 52CCC67C19AE920700464A46 /* UIViewController+JASidePanel.m */; };
		52CCC68519AE920700464A46 /* JADebugViewController.m in Sources */ = {isa = PBXBuildFile; fileRef = 52CCC67E19AE920700464A46 /* JADebugViewController.m */; };
		52CCC68619AE920700464A46 /* JALeftViewController.m in Sources */ = {isa = PBXBuildFile; fileRef = 52CCC68019AE920700464A46 /* JALeftViewController.m */; };
		52CCC68719AE920700464A46 /* JARightViewController.m in Sources */ = {isa = PBXBuildFile; fileRef = 52CCC68219AE920700464A46 /* JARightViewController.m */; };
		52CCC68F19AE93CB00464A46 /* CoreGraphics.framework in Frameworks */ = {isa = PBXBuildFile; fileRef = 52CCC68B19AE93CB00464A46 /* CoreGraphics.framework */; };
		52CCC69019AE93CB00464A46 /* Foundation.framework in Frameworks */ = {isa = PBXBuildFile; fileRef = 52CCC68C19AE93CB00464A46 /* Foundation.framework */; };
		52CCC69119AE93CB00464A46 /* QuartzCore.framework in Frameworks */ = {isa = PBXBuildFile; fileRef = 52CCC68D19AE93CB00464A46 /* QuartzCore.framework */; };
		52CCC69219AE93CB00464A46 /* UIKit.framework in Frameworks */ = {isa = PBXBuildFile; fileRef = 52CCC68E19AE93CB00464A46 /* UIKit.framework */; };
		A07576660AD94FA8B57F540B /* libPods.a in Frameworks */ = {isa = PBXBuildFile; fileRef = 89FAADAE8CAB497B9353AD67 /* libPods.a */; };
		EF1698A61A0B43F2003C6DF2 /* Main.storyboard in Resources */ = {isa = PBXBuildFile; fileRef = EF1698A51A0B43F2003C6DF2 /* Main.storyboard */; };
		EF31957C1A0C14BD00AF7CDC /* 1024.png in Resources */ = {isa = PBXBuildFile; fileRef = EF31957B1A0C14BD00AF7CDC /* 1024.png */; };
		EF3195801A0C2C8300AF7CDC /* icon.tiff in Resources */ = {isa = PBXBuildFile; fileRef = EF31957F1A0C2C8300AF7CDC /* icon.tiff */; };
		EF51278B19EF521C007C636A /* MessageUI.framework in Frameworks */ = {isa = PBXBuildFile; fileRef = EF51278A19EF521C007C636A /* MessageUI.framework */; };
		EF70B3EC19EC74C600AA55FA /* SavedCell.xib in Resources */ = {isa = PBXBuildFile; fileRef = EF70B3EB19EC74C600AA55FA /* SavedCell.xib */; };
		EF70B3EE19ED4C4D00AA55FA /* combined.xml in Resources */ = {isa = PBXBuildFile; fileRef = EF70B3ED19ED4C4D00AA55FA /* combined.xml */; };
		EFAD358C1A00880800CBA5DF /* InsetLabel.m in Sources */ = {isa = PBXBuildFile; fileRef = EFAD358B1A00880800CBA5DF /* InsetLabel.m */; };
		EFDEAE0419FEE8B700D58BFD /* ImageLabelView.m in Sources */ = {isa = PBXBuildFile; fileRef = EFDEADFE19FEE8B700D58BFD /* ImageLabelView.m */; };
		EFDEAE0519FEE8B700D58BFD /* ChooseItemView.m in Sources */ = {isa = PBXBuildFile; fileRef = EFDEAE0019FEE8B700D58BFD /* ChooseItemView.m */; };
		EFDEAE0619FEE8B700D58BFD /* ChooseItemViewController.m in Sources */ = {isa = PBXBuildFile; fileRef = EFDEAE0219FEE8B700D58BFD /* ChooseItemViewController.m */; };
		EFEC80241A09283100FB8274 /* WebControllerViewController.m in Sources */ = {isa = PBXBuildFile; fileRef = EFEC80221A09283100FB8274 /* WebControllerViewController.m */; };
		EFEC80251A09283100FB8274 /* WebControllerViewController.xib in Resources */ = {isa = PBXBuildFile; fileRef = EFEC80231A09283100FB8274 /* WebControllerViewController.xib */; };
		EFEE5C5419E47B18009BD5D2 /* XMLReader.m in Sources */ = {isa = PBXBuildFile; fileRef = EFEE5C5319E47B18009BD5D2 /* XMLReader.m */; settings = {COMPILER_FLAGS = "-fobjc-arc"; }; };
		EFEE5C6219E4A98A009BD5D2 /* ALView+PureLayout.m in Sources */ = {isa = PBXBuildFile; fileRef = EFEE5C5A19E4A98A009BD5D2 /* ALView+PureLayout.m */; };
		EFEE5C6319E4A98A009BD5D2 /* NSArray+PureLayout.m in Sources */ = {isa = PBXBuildFile; fileRef = EFEE5C5C19E4A98A009BD5D2 /* NSArray+PureLayout.m */; };
		EFEE5C6419E4A98A009BD5D2 /* NSLayoutConstraint+PureLayout.m in Sources */ = {isa = PBXBuildFile; fileRef = EFEE5C5E19E4A98A009BD5D2 /* NSLayoutConstraint+PureLayout.m */; };
		EFEF512C1A0107F200F9C3B9 /* UIColor+MDCRGB8Bit.m in Sources */ = {isa = PBXBuildFile; fileRef = EFEF512B1A0107F200F9C3B9 /* UIColor+MDCRGB8Bit.m */; };
/* End PBXBuildFile section */

/* Begin PBXContainerItemProxy section */
		52CCC66A19AE90FD00464A46 /* PBXContainerItemProxy */ = {
			isa = PBXContainerItemProxy;
			containerPortal = 52CCC64819AE90FD00464A46 /* Project object */;
			proxyType = 1;
			remoteGlobalIDString = 52CCC64F19AE90FD00464A46;
			remoteInfo = "Impulse Shopper";
		};
/* End PBXContainerItemProxy section */

/* Begin PBXFileReference section */
		52CCC65019AE90FD00464A46 /* Impulse Shopper.app */ = {isa = PBXFileReference; explicitFileType = wrapper.application; includeInIndex = 0; path = "Impulse Shopper.app"; sourceTree = BUILT_PRODUCTS_DIR; };
		52CCC65419AE90FD00464A46 /* Info.plist */ = {isa = PBXFileReference; lastKnownFileType = text.plist.xml; path = Info.plist; sourceTree = "<group>"; };
		52CCC65519AE90FD00464A46 /* main.m */ = {isa = PBXFileReference; lastKnownFileType = sourcecode.c.objc; path = main.m; sourceTree = "<group>"; };
		52CCC65719AE90FD00464A46 /* AppDelegate.h */ = {isa = PBXFileReference; lastKnownFileType = sourcecode.c.h; path = AppDelegate.h; sourceTree = "<group>"; };
		52CCC65819AE90FD00464A46 /* AppDelegate.m */ = {isa = PBXFileReference; lastKnownFileType = sourcecode.c.objc; path = AppDelegate.m; sourceTree = "<group>"; };
		52CCC65B19AE90FD00464A46 /* Impulse_Shopper.xcdatamodel */ = {isa = PBXFileReference; lastKnownFileType = wrapper.xcdatamodel; path = Impulse_Shopper.xcdatamodel; sourceTree = "<group>"; };
		52CCC66319AE90FD00464A46 /* Images.xcassets */ = {isa = PBXFileReference; lastKnownFileType = folder.assetcatalog; path = Images.xcassets; sourceTree = "<group>"; };
		52CCC66919AE90FD00464A46 /* Impulse ShopperTests.xctest */ = {isa = PBXFileReference; explicitFileType = wrapper.cfbundle; includeInIndex = 0; path = "Impulse ShopperTests.xctest"; sourceTree = BUILT_PRODUCTS_DIR; };
		52CCC66E19AE90FD00464A46 /* Info.plist */ = {isa = PBXFileReference; lastKnownFileType = text.plist.xml; path = Info.plist; sourceTree = "<group>"; };
		52CCC66F19AE90FD00464A46 /* Impulse_ShopperTests.m */ = {isa = PBXFileReference; lastKnownFileType = sourcecode.c.objc; path = Impulse_ShopperTests.m; sourceTree = "<group>"; };
		52CCC67919AE920700464A46 /* JASidePanelController.h */ = {isa = PBXFileReference; fileEncoding = 4; lastKnownFileType = sourcecode.c.h; path = JASidePanelController.h; sourceTree = "<group>"; };
		52CCC67A19AE920700464A46 /* JASidePanelController.m */ = {isa = PBXFileReference; fileEncoding = 4; lastKnownFileType = sourcecode.c.objc; path = JASidePanelController.m; sourceTree = "<group>"; };
		52CCC67B19AE920700464A46 /* UIViewController+JASidePanel.h */ = {isa = PBXFileReference; fileEncoding = 4; lastKnownFileType = sourcecode.c.h; path = "UIViewController+JASidePanel.h"; sourceTree = "<group>"; };
		52CCC67C19AE920700464A46 /* UIViewController+JASidePanel.m */ = {isa = PBXFileReference; fileEncoding = 4; lastKnownFileType = sourcecode.c.objc; path = "UIViewController+JASidePanel.m"; sourceTree = "<group>"; };
		52CCC67D19AE920700464A46 /* JADebugViewController.h */ = {isa = PBXFileReference; fileEncoding = 4; lastKnownFileType = sourcecode.c.h; path = JADebugViewController.h; sourceTree = "<group>"; };
		52CCC67E19AE920700464A46 /* JADebugViewController.m */ = {isa = PBXFileReference; fileEncoding = 4; lastKnownFileType = sourcecode.c.objc; path = JADebugViewController.m; sourceTree = "<group>"; };
		52CCC67F19AE920700464A46 /* JALeftViewController.h */ = {isa = PBXFileReference; fileEncoding = 4; lastKnownFileType = sourcecode.c.h; path = JALeftViewController.h; sourceTree = "<group>"; };
		52CCC68019AE920700464A46 /* JALeftViewController.m */ = {isa = PBXFileReference; fileEncoding = 4; lastKnownFileType = sourcecode.c.objc; path = JALeftViewController.m; sourceTree = "<group>"; };
		52CCC68119AE920700464A46 /* JARightViewController.h */ = {isa = PBXFileReference; fileEncoding = 4; lastKnownFileType = sourcecode.c.h; path = JARightViewController.h; sourceTree = "<group>"; };
		52CCC68219AE920700464A46 /* JARightViewController.m */ = {isa = PBXFileReference; fileEncoding = 4; lastKnownFileType = sourcecode.c.objc; path = JARightViewController.m; sourceTree = "<group>"; };
		52CCC68B19AE93CB00464A46 /* CoreGraphics.framework */ = {isa = PBXFileReference; lastKnownFileType = wrapper.framework; name = CoreGraphics.framework; path = System/Library/Frameworks/CoreGraphics.framework; sourceTree = SDKROOT; };
		52CCC68C19AE93CB00464A46 /* Foundation.framework */ = {isa = PBXFileReference; lastKnownFileType = wrapper.framework; name = Foundation.framework; path = System/Library/Frameworks/Foundation.framework; sourceTree = SDKROOT; };
		52CCC68D19AE93CB00464A46 /* QuartzCore.framework */ = {isa = PBXFileReference; lastKnownFileType = wrapper.framework; name = QuartzCore.framework; path = System/Library/Frameworks/QuartzCore.framework; sourceTree = SDKROOT; };
		52CCC68E19AE93CB00464A46 /* UIKit.framework */ = {isa = PBXFileReference; lastKnownFileType = wrapper.framework; name = UIKit.framework; path = System/Library/Frameworks/UIKit.framework; sourceTree = SDKROOT; };
		68E31D891A53852CD5B33B96 /* Pods.release.xcconfig */ = {isa = PBXFileReference; includeInIndex = 1; lastKnownFileType = text.xcconfig; name = Pods.release.xcconfig; path = "Pods/Target Support Files/Pods/Pods.release.xcconfig"; sourceTree = "<group>"; };
		89FAADAE8CAB497B9353AD67 /* libPods.a */ = {isa = PBXFileReference; explicitFileType = archive.ar; includeInIndex = 0; path = libPods.a; sourceTree = BUILT_PRODUCTS_DIR; };
		A7431BC226B812FEB6FB096E /* Pods.debug.xcconfig */ = {isa = PBXFileReference; includeInIndex = 1; lastKnownFileType = text.xcconfig; name = Pods.debug.xcconfig; path = "Pods/Target Support Files/Pods/Pods.debug.xcconfig"; sourceTree = "<group>"; };
		EF1698A51A0B43F2003C6DF2 /* Main.storyboard */ = {isa = PBXFileReference; fileEncoding = 4; lastKnownFileType = file.storyboard; path = Main.storyboard; sourceTree = "<group>"; };
		EF2879491A02C0820087DA88 /* Impulse Shopper.entitlements */ = {isa = PBXFileReference; lastKnownFileType = text.xml; path = "Impulse Shopper.entitlements"; sourceTree = "<group>"; };
		EF31957B1A0C14BD00AF7CDC /* 1024.png */ = {isa = PBXFileReference; lastKnownFileType = image.png; path = 1024.png; sourceTree = "<group>"; };
		EF31957F1A0C2C8300AF7CDC /* icon.tiff */ = {isa = PBXFileReference; lastKnownFileType = image.tiff; path = icon.tiff; sourceTree = "<group>"; };
		EF51278A19EF521C007C636A /* MessageUI.framework */ = {isa = PBXFileReference; lastKnownFileType = wrapper.framework; name = MessageUI.framework; path = System/Library/Frameworks/MessageUI.framework; sourceTree = SDKROOT; };
		EF70B3EB19EC74C600AA55FA /* SavedCell.xib */ = {isa = PBXFileReference; fileEncoding = 4; lastKnownFileType = file.xib; path = SavedCell.xib; sourceTree = "<group>"; };
		EF70B3ED19ED4C4D00AA55FA /* combined.xml */ = {isa = PBXFileReference; fileEncoding = 4; lastKnownFileType = text.xml; path = combined.xml; sourceTree = "<group>"; };
		EF70B3EF19ED538700AA55FA /* aws_signed_request.py */ = {isa = PBXFileReference; fileEncoding = 4; lastKnownFileType = text.script.python; path = aws_signed_request.py; sourceTree = "<group>"; };
		EFAD358A1A00880800CBA5DF /* InsetLabel.h */ = {isa = PBXFileReference; fileEncoding = 4; lastKnownFileType = sourcecode.c.h; path = InsetLabel.h; sourceTree = "<group>"; };
		EFAD358B1A00880800CBA5DF /* InsetLabel.m */ = {isa = PBXFileReference; fileEncoding = 4; lastKnownFileType = sourcecode.c.objc; path = InsetLabel.m; sourceTree = "<group>"; };
		EFC2AB5819F6AFB4007F0875 /* Impulse Shopper.pch */ = {isa = PBXFileReference; fileEncoding = 4; lastKnownFileType = sourcecode.c.h; path = "Impulse Shopper.pch"; sourceTree = SOURCE_ROOT; };
		EFDEADFD19FEE8B700D58BFD /* ImageLabelView.h */ = {isa = PBXFileReference; fileEncoding = 4; lastKnownFileType = sourcecode.c.h; path = ImageLabelView.h; sourceTree = "<group>"; };
		EFDEADFE19FEE8B700D58BFD /* ImageLabelView.m */ = {isa = PBXFileReference; fileEncoding = 4; lastKnownFileType = sourcecode.c.objc; path = ImageLabelView.m; sourceTree = "<group>"; };
		EFDEADFF19FEE8B700D58BFD /* ChooseItemView.h */ = {isa = PBXFileReference; fileEncoding = 4; lastKnownFileType = sourcecode.c.h; path = ChooseItemView.h; sourceTree = "<group>"; };
		EFDEAE0019FEE8B700D58BFD /* ChooseItemView.m */ = {isa = PBXFileReference; fileEncoding = 4; lastKnownFileType = sourcecode.c.objc; path = ChooseItemView.m; sourceTree = "<group>"; };
		EFDEAE0119FEE8B700D58BFD /* ChooseItemViewController.h */ = {isa = PBXFileReference; fileEncoding = 4; lastKnownFileType = sourcecode.c.h; path = ChooseItemViewController.h; sourceTree = "<group>"; };
		EFDEAE0219FEE8B700D58BFD /* ChooseItemViewController.m */ = {isa = PBXFileReference; fileEncoding = 4; lastKnownFileType = sourcecode.c.objc; path = ChooseItemViewController.m; sourceTree = "<group>"; };
		EFEC80211A09283100FB8274 /* WebControllerViewController.h */ = {isa = PBXFileReference; fileEncoding = 4; lastKnownFileType = sourcecode.c.h; path = WebControllerViewController.h; sourceTree = "<group>"; };
		EFEC80221A09283100FB8274 /* WebControllerViewController.m */ = {isa = PBXFileReference; fileEncoding = 4; lastKnownFileType = sourcecode.c.objc; path = WebControllerViewController.m; sourceTree = "<group>"; };
		EFEC80231A09283100FB8274 /* WebControllerViewController.xib */ = {isa = PBXFileReference; fileEncoding = 4; lastKnownFileType = file.xib; path = WebControllerViewController.xib; sourceTree = "<group>"; };
		EFEE5C5219E47B18009BD5D2 /* XMLReader.h */ = {isa = PBXFileReference; fileEncoding = 4; lastKnownFileType = sourcecode.c.h; path = XMLReader.h; sourceTree = "<group>"; };
		EFEE5C5319E47B18009BD5D2 /* XMLReader.m */ = {isa = PBXFileReference; fileEncoding = 4; lastKnownFileType = sourcecode.c.objc; path = XMLReader.m; sourceTree = "<group>"; };
		EFEE5C5919E4A98A009BD5D2 /* ALView+PureLayout.h */ = {isa = PBXFileReference; fileEncoding = 4; lastKnownFileType = sourcecode.c.h; path = "ALView+PureLayout.h"; sourceTree = "<group>"; };
		EFEE5C5A19E4A98A009BD5D2 /* ALView+PureLayout.m */ = {isa = PBXFileReference; fileEncoding = 4; lastKnownFileType = sourcecode.c.objc; path = "ALView+PureLayout.m"; sourceTree = "<group>"; };
		EFEE5C5B19E4A98A009BD5D2 /* NSArray+PureLayout.h */ = {isa = PBXFileReference; fileEncoding = 4; lastKnownFileType = sourcecode.c.h; path = "NSArray+PureLayout.h"; sourceTree = "<group>"; };
		EFEE5C5C19E4A98A009BD5D2 /* NSArray+PureLayout.m */ = {isa = PBXFileReference; fileEncoding = 4; lastKnownFileType = sourcecode.c.objc; path = "NSArray+PureLayout.m"; sourceTree = "<group>"; };
		EFEE5C5D19E4A98A009BD5D2 /* NSLayoutConstraint+PureLayout.h */ = {isa = PBXFileReference; fileEncoding = 4; lastKnownFileType = sourcecode.c.h; path = "NSLayoutConstraint+PureLayout.h"; sourceTree = "<group>"; };
		EFEE5C5E19E4A98A009BD5D2 /* NSLayoutConstraint+PureLayout.m */ = {isa = PBXFileReference; fileEncoding = 4; lastKnownFileType = sourcecode.c.objc; path = "NSLayoutConstraint+PureLayout.m"; sourceTree = "<group>"; };
		EFEE5C5F19E4A98A009BD5D2 /* PureLayout.h */ = {isa = PBXFileReference; fileEncoding = 4; lastKnownFileType = sourcecode.c.h; path = PureLayout.h; sourceTree = "<group>"; };
		EFEE5C6019E4A98A009BD5D2 /* PureLayout+Internal.h */ = {isa = PBXFileReference; fileEncoding = 4; lastKnownFileType = sourcecode.c.h; path = "PureLayout+Internal.h"; sourceTree = "<group>"; };
		EFEE5C6119E4A98A009BD5D2 /* PureLayoutDefines.h */ = {isa = PBXFileReference; fileEncoding = 4; lastKnownFileType = sourcecode.c.h; path = PureLayoutDefines.h; sourceTree = "<group>"; };
		EFEF512A1A0107F200F9C3B9 /* UIColor+MDCRGB8Bit.h */ = {isa = PBXFileReference; fileEncoding = 4; lastKnownFileType = sourcecode.c.h; name = "UIColor+MDCRGB8Bit.h"; path = "../Pods/MDCSwipeToChoose/MDCSwipeToChoose/Internal/UIColor+MDCRGB8Bit.h"; sourceTree = "<group>"; };
		EFEF512B1A0107F200F9C3B9 /* UIColor+MDCRGB8Bit.m */ = {isa = PBXFileReference; fileEncoding = 4; lastKnownFileType = sourcecode.c.objc; name = "UIColor+MDCRGB8Bit.m"; path = "../Pods/MDCSwipeToChoose/MDCSwipeToChoose/Internal/UIColor+MDCRGB8Bit.m"; sourceTree = "<group>"; };
/* End PBXFileReference section */

/* Begin PBXFrameworksBuildPhase section */
		52CCC64D19AE90FD00464A46 /* Frameworks */ = {
			isa = PBXFrameworksBuildPhase;
			buildActionMask = 2147483647;
			files = (
				EF51278B19EF521C007C636A /* MessageUI.framework in Frameworks */,
				52CCC68F19AE93CB00464A46 /* CoreGraphics.framework in Frameworks */,
				52CCC69019AE93CB00464A46 /* Foundation.framework in Frameworks */,
				52CCC69119AE93CB00464A46 /* QuartzCore.framework in Frameworks */,
				52CCC69219AE93CB00464A46 /* UIKit.framework in Frameworks */,
				A07576660AD94FA8B57F540B /* libPods.a in Frameworks */,
			);
			runOnlyForDeploymentPostprocessing = 0;
		};
		52CCC66619AE90FD00464A46 /* Frameworks */ = {
			isa = PBXFrameworksBuildPhase;
			buildActionMask = 2147483647;
			files = (
			);
			runOnlyForDeploymentPostprocessing = 0;
		};
/* End PBXFrameworksBuildPhase section */

/* Begin PBXGroup section */
		52CCC64719AE90FD00464A46 = {
			isa = PBXGroup;
			children = (
				EF1698A51A0B43F2003C6DF2 /* Main.storyboard */,
				52CCC68B19AE93CB00464A46 /* CoreGraphics.framework */,
				52CCC68C19AE93CB00464A46 /* Foundation.framework */,
				52CCC68D19AE93CB00464A46 /* QuartzCore.framework */,
				52CCC68E19AE93CB00464A46 /* UIKit.framework */,
				52CCC65219AE90FD00464A46 /* Impulse Shopper */,
				52CCC66C19AE90FD00464A46 /* Impulse ShopperTests */,
				52CCC65119AE90FD00464A46 /* Products */,
				69FA8F7A7BCB409C94DE4E12 /* Frameworks */,
				B0A774A2403D1EE57FDE5ED4 /* Pods */,
			);
			sourceTree = "<group>";
		};
		52CCC65119AE90FD00464A46 /* Products */ = {
			isa = PBXGroup;
			children = (
				52CCC65019AE90FD00464A46 /* Impulse Shopper.app */,
				52CCC66919AE90FD00464A46 /* Impulse ShopperTests.xctest */,
			);
			name = Products;
			sourceTree = "<group>";
		};
		52CCC65219AE90FD00464A46 /* Impulse Shopper */ = {
			isa = PBXGroup;
			children = (
				EF2879491A02C0820087DA88 /* Impulse Shopper.entitlements */,
				EF31957F1A0C2C8300AF7CDC /* icon.tiff */,
				EF31957B1A0C14BD00AF7CDC /* 1024.png */,
				EF7407911A086A8900ABEEA2 /* xml */,
				EF70B3EF19ED538700AA55FA /* aws_signed_request.py */,
				EFEE5C5219E47B18009BD5D2 /* XMLReader.h */,
				EFEE5C5319E47B18009BD5D2 /* XMLReader.m */,
				EFEE5C5919E4A98A009BD5D2 /* ALView+PureLayout.h */,
				EFEE5C5A19E4A98A009BD5D2 /* ALView+PureLayout.m */,
				EFEE5C5B19E4A98A009BD5D2 /* NSArray+PureLayout.h */,
				EFEE5C5C19E4A98A009BD5D2 /* NSArray+PureLayout.m */,
				EFEE5C5D19E4A98A009BD5D2 /* NSLayoutConstraint+PureLayout.h */,
				EFEE5C5E19E4A98A009BD5D2 /* NSLayoutConstraint+PureLayout.m */,
				EFEE5C5F19E4A98A009BD5D2 /* PureLayout.h */,
				EFEE5C6019E4A98A009BD5D2 /* PureLayout+Internal.h */,
				EFEE5C6119E4A98A009BD5D2 /* PureLayoutDefines.h */,
				EF70B3EB19EC74C600AA55FA /* SavedCell.xib */,
				EFEC80211A09283100FB8274 /* WebControllerViewController.h */,
				EFEC80221A09283100FB8274 /* WebControllerViewController.m */,
				EFEC80231A09283100FB8274 /* WebControllerViewController.xib */,
				52CCC67919AE920700464A46 /* JASidePanelController.h */,
				52CCC67A19AE920700464A46 /* JASidePanelController.m */,
				52CCC67B19AE920700464A46 /* UIViewController+JASidePanel.h */,
				52CCC67C19AE920700464A46 /* UIViewController+JASidePanel.m */,
				52CCC67D19AE920700464A46 /* JADebugViewController.h */,
				52CCC67E19AE920700464A46 /* JADebugViewController.m */,
				52CCC67F19AE920700464A46 /* JALeftViewController.h */,
				52CCC68019AE920700464A46 /* JALeftViewController.m */,
				52CCC68119AE920700464A46 /* JARightViewController.h */,
				52CCC68219AE920700464A46 /* JARightViewController.m */,
				52CCC65719AE90FD00464A46 /* AppDelegate.h */,
				52CCC65819AE90FD00464A46 /* AppDelegate.m */,
				EFDEADFD19FEE8B700D58BFD /* ImageLabelView.h */,
				EFDEADFE19FEE8B700D58BFD /* ImageLabelView.m */,
				EFDEADFF19FEE8B700D58BFD /* ChooseItemView.h */,
				EFDEAE0019FEE8B700D58BFD /* ChooseItemView.m */,
				EFDEAE0119FEE8B700D58BFD /* ChooseItemViewController.h */,
				EFDEAE0219FEE8B700D58BFD /* ChooseItemViewController.m */,
				EFAD358A1A00880800CBA5DF /* InsetLabel.h */,
				EFAD358B1A00880800CBA5DF /* InsetLabel.m */,
				EFEF512A1A0107F200F9C3B9 /* UIColor+MDCRGB8Bit.h */,
				EFEF512B1A0107F200F9C3B9 /* UIColor+MDCRGB8Bit.m */,
				52CCC66319AE90FD00464A46 /* Images.xcassets */,
				52CCC65A19AE90FD00464A46 /* Impulse_Shopper.xcdatamodeld */,
				52CCC65319AE90FD00464A46 /* Supporting Files */,
			);
			path = "Impulse Shopper";
			sourceTree = "<group>";
		};
		52CCC65319AE90FD00464A46 /* Supporting Files */ = {
			isa = PBXGroup;
			children = (
				52CCC65419AE90FD00464A46 /* Info.plist */,
				EFC2AB5819F6AFB4007F0875 /* Impulse Shopper.pch */,
				52CCC65519AE90FD00464A46 /* main.m */,
			);
			name = "Supporting Files";
			sourceTree = "<group>";
		};
		52CCC66C19AE90FD00464A46 /* Impulse ShopperTests */ = {
			isa = PBXGroup;
			children = (
				52CCC66F19AE90FD00464A46 /* Impulse_ShopperTests.m */,
				52CCC66D19AE90FD00464A46 /* Supporting Files */,
			);
			path = "Impulse ShopperTests";
			sourceTree = "<group>";
		};
		52CCC66D19AE90FD00464A46 /* Supporting Files */ = {
			isa = PBXGroup;
			children = (
				52CCC66E19AE90FD00464A46 /* Info.plist */,
			);
			name = "Supporting Files";
			sourceTree = "<group>";
		};
		69FA8F7A7BCB409C94DE4E12 /* Frameworks */ = {
			isa = PBXGroup;
			children = (
				EF51278A19EF521C007C636A /* MessageUI.framework */,
				89FAADAE8CAB497B9353AD67 /* libPods.a */,
			);
			name = Frameworks;
			sourceTree = "<group>";
		};
		B0A774A2403D1EE57FDE5ED4 /* Pods */ = {
			isa = PBXGroup;
			children = (
				A7431BC226B812FEB6FB096E /* Pods.debug.xcconfig */,
				68E31D891A53852CD5B33B96 /* Pods.release.xcconfig */,
			);
			name = Pods;
			sourceTree = "<group>";
		};
		EF7407911A086A8900ABEEA2 /* xml */ = {
			isa = PBXGroup;
			children = (
				EF70B3ED19ED4C4D00AA55FA /* combined.xml */,
			);
			name = xml;
			sourceTree = "<group>";
		};
/* End PBXGroup section */

/* Begin PBXNativeTarget section */
		52CCC64F19AE90FD00464A46 /* Impulse Shopper */ = {
			isa = PBXNativeTarget;
			buildConfigurationList = 52CCC67319AE90FD00464A46 /* Build configuration list for PBXNativeTarget "Impulse Shopper" */;
			buildPhases = (
				B33A1C2B311A4B2295E164A8 /* Check Pods Manifest.lock */,
				52CCC64C19AE90FD00464A46 /* Sources */,
				52CCC64D19AE90FD00464A46 /* Frameworks */,
				52CCC64E19AE90FD00464A46 /* Resources */,
				6FEF1E6381AC487FB82C2FF1 /* Copy Pods Resources */,
			);
			buildRules = (
			);
			dependencies = (
			);
			name = "Impulse Shopper";
			productName = "Impulse Shopper";
			productReference = 52CCC65019AE90FD00464A46 /* Impulse Shopper.app */;
			productType = "com.apple.product-type.application";
		};
		52CCC66819AE90FD00464A46 /* Impulse ShopperTests */ = {
			isa = PBXNativeTarget;
			buildConfigurationList = 52CCC67619AE90FD00464A46 /* Build configuration list for PBXNativeTarget "Impulse ShopperTests" */;
			buildPhases = (
				52CCC66519AE90FD00464A46 /* Sources */,
				52CCC66619AE90FD00464A46 /* Frameworks */,
				52CCC66719AE90FD00464A46 /* Resources */,
			);
			buildRules = (
			);
			dependencies = (
				52CCC66B19AE90FD00464A46 /* PBXTargetDependency */,
			);
			name = "Impulse ShopperTests";
			productName = "Impulse ShopperTests";
			productReference = 52CCC66919AE90FD00464A46 /* Impulse ShopperTests.xctest */;
			productType = "com.apple.product-type.bundle.unit-test";
		};
/* End PBXNativeTarget section */

/* Begin PBXProject section */
		52CCC64819AE90FD00464A46 /* Project object */ = {
			isa = PBXProject;
			attributes = {
				LastUpgradeCheck = 0600;
				ORGANIZATIONNAME = "Justin Knag";
				TargetAttributes = {
					52CCC64F19AE90FD00464A46 = {
						CreatedOnToolsVersion = 6.0;
						DevelopmentTeam = QVT76MD88U;
						SystemCapabilities = {
							com.apple.BackgroundModes = {
								enabled = 1;
							};
							com.apple.iCloud = {
								enabled = 1;
							};
						};
					};
					52CCC66819AE90FD00464A46 = {
						CreatedOnToolsVersion = 6.0;
						TestTargetID = 52CCC64F19AE90FD00464A46;
					};
				};
			};
			buildConfigurationList = 52CCC64B19AE90FD00464A46 /* Build configuration list for PBXProject "Impulse Shopper" */;
			compatibilityVersion = "Xcode 3.2";
			developmentRegion = English;
			hasScannedForEncodings = 0;
			knownRegions = (
				en,
				Base,
			);
			mainGroup = 52CCC64719AE90FD00464A46;
			productRefGroup = 52CCC65119AE90FD00464A46 /* Products */;
			projectDirPath = "";
			projectRoot = "";
			targets = (
				52CCC64F19AE90FD00464A46 /* Impulse Shopper */,
				52CCC66819AE90FD00464A46 /* Impulse ShopperTests */,
			);
		};
/* End PBXProject section */

/* Begin PBXResourcesBuildPhase section */
		52CCC64E19AE90FD00464A46 /* Resources */ = {
			isa = PBXResourcesBuildPhase;
			buildActionMask = 2147483647;
			files = (
				EF31957C1A0C14BD00AF7CDC /* 1024.png in Resources */,
				52CCC66419AE90FD00464A46 /* Images.xcassets in Resources */,
				EF1698A61A0B43F2003C6DF2 /* Main.storyboard in Resources */,
				EFEC80251A09283100FB8274 /* WebControllerViewController.xib in Resources */,
				EF70B3EC19EC74C600AA55FA /* SavedCell.xib in Resources */,
				EF3195801A0C2C8300AF7CDC /* icon.tiff in Resources */,
				EF70B3EE19ED4C4D00AA55FA /* combined.xml in Resources */,
			);
			runOnlyForDeploymentPostprocessing = 0;
		};
		52CCC66719AE90FD00464A46 /* Resources */ = {
			isa = PBXResourcesBuildPhase;
			buildActionMask = 2147483647;
			files = (
			);
			runOnlyForDeploymentPostprocessing = 0;
		};
/* End PBXResourcesBuildPhase section */

/* Begin PBXShellScriptBuildPhase section */
		6FEF1E6381AC487FB82C2FF1 /* Copy Pods Resources */ = {
			isa = PBXShellScriptBuildPhase;
			buildActionMask = 2147483647;
			files = (
			);
			inputPaths = (
			);
			name = "Copy Pods Resources";
			outputPaths = (
			);
			runOnlyForDeploymentPostprocessing = 0;
			shellPath = /bin/sh;
			shellScript = "\"${SRCROOT}/Pods/Target Support Files/Pods/Pods-resources.sh\"\n";
			showEnvVarsInLog = 0;
		};
		B33A1C2B311A4B2295E164A8 /* Check Pods Manifest.lock */ = {
			isa = PBXShellScriptBuildPhase;
			buildActionMask = 2147483647;
			files = (
			);
			inputPaths = (
			);
			name = "Check Pods Manifest.lock";
			outputPaths = (
			);
			runOnlyForDeploymentPostprocessing = 0;
			shellPath = /bin/sh;
			shellScript = "diff \"${PODS_ROOT}/../Podfile.lock\" \"${PODS_ROOT}/Manifest.lock\" > /dev/null\nif [[ $? != 0 ]] ; then\n    cat << EOM\nerror: The sandbox is not in sync with the Podfile.lock. Run 'pod install' or update your CocoaPods installation.\nEOM\n    exit 1\nfi\n";
			showEnvVarsInLog = 0;
		};
/* End PBXShellScriptBuildPhase section */

/* Begin PBXSourcesBuildPhase section */
		52CCC64C19AE90FD00464A46 /* Sources */ = {
			isa = PBXSourcesBuildPhase;
			buildActionMask = 2147483647;
			files = (
				52CCC68519AE920700464A46 /* JADebugViewController.m in Sources */,
				52CCC65919AE90FD00464A46 /* AppDelegate.m in Sources */,
				EFAD358C1A00880800CBA5DF /* InsetLabel.m in Sources */,
				EFEE5C6419E4A98A009BD5D2 /* NSLayoutConstraint+PureLayout.m in Sources */,
				EFDEAE0419FEE8B700D58BFD /* ImageLabelView.m in Sources */,
				52CCC68319AE920700464A46 /* JASidePanelController.m in Sources */,
				EFEE5C6319E4A98A009BD5D2 /* NSArray+PureLayout.m in Sources */,
				EFDEAE0619FEE8B700D58BFD /* ChooseItemViewController.m in Sources */,
				52CCC65619AE90FD00464A46 /* main.m in Sources */,
				52CCC68419AE920700464A46 /* UIViewController+JASidePanel.m in Sources */,
				EFEF512C1A0107F200F9C3B9 /* UIColor+MDCRGB8Bit.m in Sources */,
				EFEE5C5419E47B18009BD5D2 /* XMLReader.m in Sources */,
				52CCC68619AE920700464A46 /* JALeftViewController.m in Sources */,
				52CCC65C19AE90FD00464A46 /* Impulse_Shopper.xcdatamodeld in Sources */,
				EFDEAE0519FEE8B700D58BFD /* ChooseItemView.m in Sources */,
				EFEC80241A09283100FB8274 /* WebControllerViewController.m in Sources */,
				EFEE5C6219E4A98A009BD5D2 /* ALView+PureLayout.m in Sources */,
				52CCC68719AE920700464A46 /* JARightViewController.m in Sources */,
			);
			runOnlyForDeploymentPostprocessing = 0;
		};
		52CCC66519AE90FD00464A46 /* Sources */ = {
			isa = PBXSourcesBuildPhase;
			buildActionMask = 2147483647;
			files = (
				52CCC67019AE90FD00464A46 /* Impulse_ShopperTests.m in Sources */,
			);
			runOnlyForDeploymentPostprocessing = 0;
		};
/* End PBXSourcesBuildPhase section */

/* Begin PBXTargetDependency section */
		52CCC66B19AE90FD00464A46 /* PBXTargetDependency */ = {
			isa = PBXTargetDependency;
			target = 52CCC64F19AE90FD00464A46 /* Impulse Shopper */;
			targetProxy = 52CCC66A19AE90FD00464A46 /* PBXContainerItemProxy */;
		};
/* End PBXTargetDependency section */

/* Begin XCBuildConfiguration section */
		52CCC67119AE90FD00464A46 /* Debug */ = {
			isa = XCBuildConfiguration;
			buildSettings = {
				ALWAYS_SEARCH_USER_PATHS = NO;
				CLANG_CXX_LANGUAGE_STANDARD = "gnu++0x";
				CLANG_CXX_LIBRARY = "libc++";
				CLANG_ENABLE_MODULES = YES;
				CLANG_ENABLE_OBJC_ARC = YES;
				CLANG_WARN_BOOL_CONVERSION = YES;
				CLANG_WARN_CONSTANT_CONVERSION = YES;
				CLANG_WARN_DIRECT_OBJC_ISA_USAGE = YES_ERROR;
				CLANG_WARN_EMPTY_BODY = YES;
				CLANG_WARN_ENUM_CONVERSION = YES;
				CLANG_WARN_INT_CONVERSION = YES;
				CLANG_WARN_OBJC_ROOT_CLASS = YES_ERROR;
				CLANG_WARN_UNREACHABLE_CODE = YES;
				CLANG_WARN__DUPLICATE_METHOD_MATCH = YES;
				"CODE_SIGN_IDENTITY[sdk=iphoneos*]" = "iPhone Developer";
				COPY_PHASE_STRIP = NO;
				ENABLE_STRICT_OBJC_MSGSEND = YES;
				GCC_C_LANGUAGE_STANDARD = gnu99;
				GCC_DYNAMIC_NO_PIC = NO;
				GCC_INCREASE_PRECOMPILED_HEADER_SHARING = YES;
				GCC_OPTIMIZATION_LEVEL = 0;
				GCC_PRECOMPILE_PREFIX_HEADER = YES;
				GCC_PREFIX_HEADER = "Impulse Shopper.pch";
				GCC_PREPROCESSOR_DEFINITIONS = (
					"DEBUG=1",
					"$(inherited)",
				);
				GCC_SYMBOLS_PRIVATE_EXTERN = NO;
				GCC_WARN_64_TO_32_BIT_CONVERSION = YES;
				GCC_WARN_ABOUT_RETURN_TYPE = YES_ERROR;
				GCC_WARN_UNDECLARED_SELECTOR = YES;
				GCC_WARN_UNINITIALIZED_AUTOS = YES_AGGRESSIVE;
				GCC_WARN_UNUSED_FUNCTION = YES;
				GCC_WARN_UNUSED_VARIABLE = YES;
				IPHONEOS_DEPLOYMENT_TARGET = 8.0;
				MTL_ENABLE_DEBUG_INFO = YES;
				ONLY_ACTIVE_ARCH = YES;
				SDKROOT = iphoneos;
			};
			name = Debug;
		};
		52CCC67219AE90FD00464A46 /* Release */ = {
			isa = XCBuildConfiguration;
			buildSettings = {
				ALWAYS_SEARCH_USER_PATHS = NO;
				CLANG_CXX_LANGUAGE_STANDARD = "gnu++0x";
				CLANG_CXX_LIBRARY = "libc++";
				CLANG_ENABLE_MODULES = YES;
				CLANG_ENABLE_OBJC_ARC = YES;
				CLANG_WARN_BOOL_CONVERSION = YES;
				CLANG_WARN_CONSTANT_CONVERSION = YES;
				CLANG_WARN_DIRECT_OBJC_ISA_USAGE = YES_ERROR;
				CLANG_WARN_EMPTY_BODY = YES;
				CLANG_WARN_ENUM_CONVERSION = YES;
				CLANG_WARN_INT_CONVERSION = YES;
				CLANG_WARN_OBJC_ROOT_CLASS = YES_ERROR;
				CLANG_WARN_UNREACHABLE_CODE = YES;
				CLANG_WARN__DUPLICATE_METHOD_MATCH = YES;
				"CODE_SIGN_IDENTITY[sdk=iphoneos*]" = "iPhone Developer";
				COPY_PHASE_STRIP = YES;
				ENABLE_NS_ASSERTIONS = NO;
				ENABLE_STRICT_OBJC_MSGSEND = YES;
				GCC_C_LANGUAGE_STANDARD = gnu99;
				GCC_INCREASE_PRECOMPILED_HEADER_SHARING = YES;
				GCC_PRECOMPILE_PREFIX_HEADER = YES;
				GCC_PREFIX_HEADER = "Impulse Shopper.pch";
				GCC_WARN_64_TO_32_BIT_CONVERSION = YES;
				GCC_WARN_ABOUT_RETURN_TYPE = YES_ERROR;
				GCC_WARN_UNDECLARED_SELECTOR = YES;
				GCC_WARN_UNINITIALIZED_AUTOS = YES_AGGRESSIVE;
				GCC_WARN_UNUSED_FUNCTION = YES;
				GCC_WARN_UNUSED_VARIABLE = YES;
				IPHONEOS_DEPLOYMENT_TARGET = 8.0;
				MTL_ENABLE_DEBUG_INFO = NO;
				SDKROOT = iphoneos;
				VALIDATE_PRODUCT = YES;
			};
			name = Release;
		};
		52CCC67419AE90FD00464A46 /* Debug */ = {
			isa = XCBuildConfiguration;
			baseConfigurationReference = A7431BC226B812FEB6FB096E /* Pods.debug.xcconfig */;
			buildSettings = {
				ASSETCATALOG_COMPILER_APPICON_NAME = AppIcon;
				ASSETCATALOG_COMPILER_LAUNCHIMAGE_NAME = LaunchImage;
				CODE_SIGN_ENTITLEMENTS = "Impulse Shopper/Impulse Shopper.entitlements";
				CODE_SIGN_IDENTITY = "iOS Development: Justin Knag (6DC88VRSE2)";
				"CODE_SIGN_IDENTITY[sdk=iphoneos*]" = "iOS Development: Justin Knag (6DC88VRSE2)";
				GCC_INCREASE_PRECOMPILED_HEADER_SHARING = YES;
				GCC_PRECOMPILE_PREFIX_HEADER = YES;
				INFOPLIST_FILE = "Impulse Shopper/Info.plist";
				IPHONEOS_DEPLOYMENT_TARGET = 7.0;
				LD_RUNPATH_SEARCH_PATHS = "$(inherited) @executable_path/Frameworks";
				PRODUCT_NAME = "$(TARGET_NAME)";
				PROVISIONING_PROFILE = "672620e1-5593-4b50-a3f2-d0b4f666797c";
				TARGETED_DEVICE_FAMILY = "1,2";
			};
			name = Debug;
		};
		52CCC67519AE90FD00464A46 /* Release */ = {
			isa = XCBuildConfiguration;
			baseConfigurationReference = 68E31D891A53852CD5B33B96 /* Pods.release.xcconfig */;
			buildSettings = {
				ASSETCATALOG_COMPILER_APPICON_NAME = AppIcon;
				ASSETCATALOG_COMPILER_LAUNCHIMAGE_NAME = LaunchImage;
				CODE_SIGN_ENTITLEMENTS = "Impulse Shopper/Impulse Shopper.entitlements";
				CODE_SIGN_IDENTITY = "iOS Development: Justin Knag (6DC88VRSE2)";
				"CODE_SIGN_IDENTITY[sdk=iphoneos*]" = "iOS Development: Justin Knag (6DC88VRSE2)";
				GCC_INCREASE_PRECOMPILED_HEADER_SHARING = YES;
				GCC_PRECOMPILE_PREFIX_HEADER = YES;
				INFOPLIST_FILE = "Impulse Shopper/Info.plist";
				IPHONEOS_DEPLOYMENT_TARGET = 7.0;
				LD_RUNPATH_SEARCH_PATHS = "$(inherited) @executable_path/Frameworks";
				PRODUCT_NAME = "$(TARGET_NAME)";
				PROVISIONING_PROFILE = "672620e1-5593-4b50-a3f2-d0b4f666797c";
				TARGETED_DEVICE_FAMILY = "1,2";
			};
			name = Release;
		};
		52CCC67719AE90FD00464A46 /* Debug */ = {
			isa = XCBuildConfiguration;
			buildSettings = {
				BUNDLE_LOADER = "$(TEST_HOST)";
				FRAMEWORK_SEARCH_PATHS = (
					"$(SDKROOT)/Developer/Library/Frameworks",
					"$(inherited)",
				);
				GCC_PREPROCESSOR_DEFINITIONS = (
					"DEBUG=1",
					"$(inherited)",
				);
				INFOPLIST_FILE = "Impulse ShopperTests/Info.plist";
				LD_RUNPATH_SEARCH_PATHS = "$(inherited) @executable_path/Frameworks @loader_path/Frameworks";
				PRODUCT_NAME = "$(TARGET_NAME)";
				PROVISIONING_PROFILE = "5d60f34c-3cf6-4c25-be13-0838a1f9d599";
				TEST_HOST = "$(BUILT_PRODUCTS_DIR)/Impulse Shopper.app/Impulse Shopper";
			};
			name = Debug;
		};
		52CCC67819AE90FD00464A46 /* Release */ = {
			isa = XCBuildConfiguration;
			buildSettings = {
				BUNDLE_LOADER = "$(TEST_HOST)";
				CODE_SIGN_IDENTITY = "iPhone Distribution: Justin Knag (QVT76MD88U)";
				"CODE_SIGN_IDENTITY[sdk=iphoneos*]" = "iPhone Distribution: Justin Knag (QVT76MD88U)";
				FRAMEWORK_SEARCH_PATHS = (
					"$(SDKROOT)/Developer/Library/Frameworks",
					"$(inherited)",
				);
				INFOPLIST_FILE = "Impulse ShopperTests/Info.plist";
				LD_RUNPATH_SEARCH_PATHS = "$(inherited) @executable_path/Frameworks @loader_path/Frameworks";
				PRODUCT_NAME = "$(TARGET_NAME)";
				PROVISIONING_PROFILE = "5d60f34c-3cf6-4c25-be13-0838a1f9d599";
				TEST_HOST = "$(BUILT_PRODUCTS_DIR)/Impulse Shopper.app/Impulse Shopper";
			};
			name = Release;
		};
/* End XCBuildConfiguration section */

/* Begin XCConfigurationList section */
		52CCC64B19AE90FD00464A46 /* Build configuration list for PBXProject "Impulse Shopper" */ = {
			isa = XCConfigurationList;
			buildConfigurations = (
				52CCC67119AE90FD00464A46 /* Debug */,
				52CCC67219AE90FD00464A46 /* Release */,
			);
			defaultConfigurationIsVisible = 0;
			defaultConfigurationName = Release;
		};
		52CCC67319AE90FD00464A46 /* Build configuration list for PBXNativeTarget "Impulse Shopper" */ = {
			isa = XCConfigurationList;
			buildConfigurations = (
				52CCC67419AE90FD00464A46 /* Debug */,
				52CCC67519AE90FD00464A46 /* Release */,
			);
			defaultConfigurationIsVisible = 0;
			defaultConfigurationName = Release;
		};
		52CCC67619AE90FD00464A46 /* Build configuration list for PBXNativeTarget "Impulse ShopperTests" */ = {
			isa = XCConfigurationList;
			buildConfigurations = (
				52CCC67719AE90FD00464A46 /* Debug */,
				52CCC67819AE90FD00464A46 /* Release */,
			);
			defaultConfigurationIsVisible = 0;
			defaultConfigurationName = Release;
		};
/* End XCConfigurationList section */

/* Begin XCVersionGroup section */
		52CCC65A19AE90FD00464A46 /* Impulse_Shopper.xcdatamodeld */ = {
			isa = XCVersionGroup;
			children = (
				52CCC65B19AE90FD00464A46 /* Impulse_Shopper.xcdatamodel */,
			);
			currentVersion = 52CCC65B19AE90FD00464A46 /* Impulse_Shopper.xcdatamodel */;
			path = Impulse_Shopper.xcdatamodeld;
			sourceTree = "<group>";
			versionGroupType = wrapper.xcdatamodel;
		};
/* End XCVersionGroup section */
	};
	rootObject = 52CCC64819AE90FD00464A46 /* Project object */;
}
